// !$*UTF8*$!
{
	archiveVersion = 1;
	classes = {
	};
	objectVersion = 56;
	objects = {

/* Begin PBXBuildFile section */
		100A8AD82A93A7F7008CAD78 /* Coordinator.swift in Sources */ = {isa = PBXBuildFile; fileRef = 100A8AD72A93A7F7008CAD78 /* Coordinator.swift */; };
		10D54D3E2A8E1BAC00E8B328 /* HomeViewUITest.swift in Sources */ = {isa = PBXBuildFile; fileRef = 10D54D3D2A8E1BAC00E8B328 /* HomeViewUITest.swift */; };
		F24C1AEF2A85EBEA00EC512A /* AppDelegate.swift in Sources */ = {isa = PBXBuildFile; fileRef = F24C1AEE2A85EBEA00EC512A /* AppDelegate.swift */; };
		F24C1AF62A85EBEA00EC512A /* Main.storyboard in Resources */ = {isa = PBXBuildFile; fileRef = F24C1AF42A85EBEA00EC512A /* Main.storyboard */; };
		F24C1AF82A85EBEB00EC512A /* Assets.xcassets in Resources */ = {isa = PBXBuildFile; fileRef = F24C1AF72A85EBEB00EC512A /* Assets.xcassets */; };
		F24C1AFB2A85EBEB00EC512A /* LaunchScreen.storyboard in Resources */ = {isa = PBXBuildFile; fileRef = F24C1AF92A85EBEB00EC512A /* LaunchScreen.storyboard */; };
		F24C1B062A85EBEC00EC512A /* FruitAppTests.swift in Sources */ = {isa = PBXBuildFile; fileRef = F24C1B052A85EBEC00EC512A /* FruitAppTests.swift */; };
		F24C1B102A85EBEC00EC512A /* FruitAppUITests.swift in Sources */ = {isa = PBXBuildFile; fileRef = F24C1B0F2A85EBEC00EC512A /* FruitAppUITests.swift */; };
		F24C1B122A85EBEC00EC512A /* FruitAppUITestsLaunchTests.swift in Sources */ = {isa = PBXBuildFile; fileRef = F24C1B112A85EBEC00EC512A /* FruitAppUITestsLaunchTests.swift */; };
		F24C1B242A85ECA600EC512A /* FruitListTblCell.swift in Sources */ = {isa = PBXBuildFile; fileRef = F24C1B222A85ECA600EC512A /* FruitListTblCell.swift */; };
		F24C1B252A85ECA600EC512A /* FruitListTblCell.xib in Resources */ = {isa = PBXBuildFile; fileRef = F24C1B232A85ECA600EC512A /* FruitListTblCell.xib */; };
		F24C1B2A2A85ECFA00EC512A /* HomeViewController.swift in Sources */ = {isa = PBXBuildFile; fileRef = F24C1B292A85ECFA00EC512A /* HomeViewController.swift */; };
		F24C1B2C2A85ED0900EC512A /* FruitDetailsViewController.swift in Sources */ = {isa = PBXBuildFile; fileRef = F24C1B2B2A85ED0900EC512A /* FruitDetailsViewController.swift */; };
		F24C1B2E2A85ED2300EC512A /* FruitsListModel.swift in Sources */ = {isa = PBXBuildFile; fileRef = F24C1B2D2A85ED2300EC512A /* FruitsListModel.swift */; };
		F24C1B302A85F88D00EC512A /* ApiRouterHelper.swift in Sources */ = {isa = PBXBuildFile; fileRef = F24C1B2F2A85F88D00EC512A /* ApiRouterHelper.swift */; };
		F24C1B322A85F8BA00EC512A /* APIRouter.swift in Sources */ = {isa = PBXBuildFile; fileRef = F24C1B312A85F8BA00EC512A /* APIRouter.swift */; };
		F24C1B342A85F8FC00EC512A /* ConnectionSettings.swift in Sources */ = {isa = PBXBuildFile; fileRef = F24C1B332A85F8FC00EC512A /* ConnectionSettings.swift */; };
		F27486CA2A946D47001C2F2F /* HomeViewTest.swift in Sources */ = {isa = PBXBuildFile; fileRef = F27486C92A946D47001C2F2F /* HomeViewTest.swift */; };
		F27486CC2A94776B001C2F2F /* CoordinatorTest.swift in Sources */ = {isa = PBXBuildFile; fileRef = F27486CB2A94776B001C2F2F /* CoordinatorTest.swift */; };
		F27486CE2A9483F4001C2F2F /* FruitDetailViewTest.swift in Sources */ = {isa = PBXBuildFile; fileRef = F27486CD2A9483F4001C2F2F /* FruitDetailViewTest.swift */; };
		F296CEE82A93ADC8003AD465 /* UITableViewCell+Extension.swift in Sources */ = {isa = PBXBuildFile; fileRef = F296CEE72A93ADC8003AD465 /* UITableViewCell+Extension.swift */; };
		F296CEEA2A93AE53003AD465 /* AppCoordinator.swift in Sources */ = {isa = PBXBuildFile; fileRef = F296CEE92A93AE53003AD465 /* AppCoordinator.swift */; };
		F296CEEC2A93AE98003AD465 /* NavigationController.swift in Sources */ = {isa = PBXBuildFile; fileRef = F296CEEB2A93AE98003AD465 /* NavigationController.swift */; };
		F296CEEE2A93AF72003AD465 /* HomeViewCoordinator.swift in Sources */ = {isa = PBXBuildFile; fileRef = F296CEED2A93AF72003AD465 /* HomeViewCoordinator.swift */; };
		F296CEF02A93AFAF003AD465 /* DependencyContainer.swift in Sources */ = {isa = PBXBuildFile; fileRef = F296CEEF2A93AFAF003AD465 /* DependencyContainer.swift */; };
		F296CEF22A93B231003AD465 /* ServerEndPoint.swift in Sources */ = {isa = PBXBuildFile; fileRef = F296CEF12A93B231003AD465 /* ServerEndPoint.swift */; };
		F296CEF42A93B2D2003AD465 /* APIManager.swift in Sources */ = {isa = PBXBuildFile; fileRef = F296CEF32A93B2D2003AD465 /* APIManager.swift */; };
		F296CEF62A93B30C003AD465 /* SessionManager.swift in Sources */ = {isa = PBXBuildFile; fileRef = F296CEF52A93B30C003AD465 /* SessionManager.swift */; };
		F296CEF82A93B3A4003AD465 /* GenrateAPI.swift in Sources */ = {isa = PBXBuildFile; fileRef = F296CEF72A93B3A4003AD465 /* GenrateAPI.swift */; };
		F296CEFA2A93B5F6003AD465 /* HomeViewBuilder.swift in Sources */ = {isa = PBXBuildFile; fileRef = F296CEF92A93B5F6003AD465 /* HomeViewBuilder.swift */; };
		F296CEFE2A93B734003AD465 /* HomeViewProtocol.swift in Sources */ = {isa = PBXBuildFile; fileRef = F296CEFD2A93B734003AD465 /* HomeViewProtocol.swift */; };
		F296CF002A93B9B0003AD465 /* FruitDetailsCoordinator.swift in Sources */ = {isa = PBXBuildFile; fileRef = F296CEFF2A93B9B0003AD465 /* FruitDetailsCoordinator.swift */; };
		F296CF022A93BA1D003AD465 /* FruitDetailsBuilder.swift in Sources */ = {isa = PBXBuildFile; fileRef = F296CF012A93BA1D003AD465 /* FruitDetailsBuilder.swift */; };
		F296CF042A93BA4C003AD465 /* FruitDetailsProtocols.swift in Sources */ = {isa = PBXBuildFile; fileRef = F296CF032A93BA4C003AD465 /* FruitDetailsProtocols.swift */; };
		F2FFF5862A89E4B500676DCB /* HomeViewModel.swift in Sources */ = {isa = PBXBuildFile; fileRef = F2FFF5852A89E4B500676DCB /* HomeViewModel.swift */; };
		F2FFF5892A89E53500676DCB /* Observable.swift in Sources */ = {isa = PBXBuildFile; fileRef = F2FFF5882A89E53500676DCB /* Observable.swift */; };
		F2FFF58B2A89EC2100676DCB /* FruitDetailViewModel.swift in Sources */ = {isa = PBXBuildFile; fileRef = F2FFF58A2A89EC2100676DCB /* FruitDetailViewModel.swift */; };
		F2FFF58D2A89F47B00676DCB /* Extensions.swift in Sources */ = {isa = PBXBuildFile; fileRef = F2FFF58C2A89F47B00676DCB /* Extensions.swift */; };
/* End PBXBuildFile section */

/* Begin PBXContainerItemProxy section */
		F24C1B022A85EBEC00EC512A /* PBXContainerItemProxy */ = {
			isa = PBXContainerItemProxy;
			containerPortal = F24C1AE32A85EBEA00EC512A /* Project object */;
			proxyType = 1;
			remoteGlobalIDString = F24C1AEA2A85EBEA00EC512A;
			remoteInfo = FruitApp;
		};
		F24C1B0C2A85EBEC00EC512A /* PBXContainerItemProxy */ = {
			isa = PBXContainerItemProxy;
			containerPortal = F24C1AE32A85EBEA00EC512A /* Project object */;
			proxyType = 1;
			remoteGlobalIDString = F24C1AEA2A85EBEA00EC512A;
			remoteInfo = FruitApp;
		};
/* End PBXContainerItemProxy section */

/* Begin PBXFileReference section */
		100A8AD72A93A7F7008CAD78 /* Coordinator.swift */ = {isa = PBXFileReference; lastKnownFileType = sourcecode.swift; path = Coordinator.swift; sourceTree = "<group>"; };
		10D54D3D2A8E1BAC00E8B328 /* HomeViewUITest.swift */ = {isa = PBXFileReference; lastKnownFileType = sourcecode.swift; path = HomeViewUITest.swift; sourceTree = "<group>"; };
		F24C1AEB2A85EBEA00EC512A /* FruitApp.app */ = {isa = PBXFileReference; explicitFileType = wrapper.application; includeInIndex = 0; path = FruitApp.app; sourceTree = BUILT_PRODUCTS_DIR; };
		F24C1AEE2A85EBEA00EC512A /* AppDelegate.swift */ = {isa = PBXFileReference; lastKnownFileType = sourcecode.swift; path = AppDelegate.swift; sourceTree = "<group>"; };
		F24C1AF52A85EBEA00EC512A /* Base */ = {isa = PBXFileReference; lastKnownFileType = file.storyboard; name = Base; path = Base.lproj/Main.storyboard; sourceTree = "<group>"; };
		F24C1AF72A85EBEB00EC512A /* Assets.xcassets */ = {isa = PBXFileReference; lastKnownFileType = folder.assetcatalog; path = Assets.xcassets; sourceTree = "<group>"; };
		F24C1AFA2A85EBEB00EC512A /* Base */ = {isa = PBXFileReference; lastKnownFileType = file.storyboard; name = Base; path = Base.lproj/LaunchScreen.storyboard; sourceTree = "<group>"; };
		F24C1AFC2A85EBEB00EC512A /* Info.plist */ = {isa = PBXFileReference; lastKnownFileType = text.plist.xml; path = Info.plist; sourceTree = "<group>"; };
		F24C1B012A85EBEC00EC512A /* FruitAppTests.xctest */ = {isa = PBXFileReference; explicitFileType = wrapper.cfbundle; includeInIndex = 0; path = FruitAppTests.xctest; sourceTree = BUILT_PRODUCTS_DIR; };
		F24C1B052A85EBEC00EC512A /* FruitAppTests.swift */ = {isa = PBXFileReference; lastKnownFileType = sourcecode.swift; path = FruitAppTests.swift; sourceTree = "<group>"; };
		F24C1B0B2A85EBEC00EC512A /* FruitAppUITests.xctest */ = {isa = PBXFileReference; explicitFileType = wrapper.cfbundle; includeInIndex = 0; path = FruitAppUITests.xctest; sourceTree = BUILT_PRODUCTS_DIR; };
		F24C1B0F2A85EBEC00EC512A /* FruitAppUITests.swift */ = {isa = PBXFileReference; lastKnownFileType = sourcecode.swift; path = FruitAppUITests.swift; sourceTree = "<group>"; };
		F24C1B112A85EBEC00EC512A /* FruitAppUITestsLaunchTests.swift */ = {isa = PBXFileReference; lastKnownFileType = sourcecode.swift; path = FruitAppUITestsLaunchTests.swift; sourceTree = "<group>"; };
		F24C1B222A85ECA600EC512A /* FruitListTblCell.swift */ = {isa = PBXFileReference; lastKnownFileType = sourcecode.swift; path = FruitListTblCell.swift; sourceTree = "<group>"; };
		F24C1B232A85ECA600EC512A /* FruitListTblCell.xib */ = {isa = PBXFileReference; lastKnownFileType = file.xib; path = FruitListTblCell.xib; sourceTree = "<group>"; };
		F24C1B292A85ECFA00EC512A /* HomeViewController.swift */ = {isa = PBXFileReference; lastKnownFileType = sourcecode.swift; path = HomeViewController.swift; sourceTree = "<group>"; };
		F24C1B2B2A85ED0900EC512A /* FruitDetailsViewController.swift */ = {isa = PBXFileReference; lastKnownFileType = sourcecode.swift; path = FruitDetailsViewController.swift; sourceTree = "<group>"; };
		F24C1B2D2A85ED2300EC512A /* FruitsListModel.swift */ = {isa = PBXFileReference; lastKnownFileType = sourcecode.swift; path = FruitsListModel.swift; sourceTree = "<group>"; };
		F24C1B2F2A85F88D00EC512A /* ApiRouterHelper.swift */ = {isa = PBXFileReference; lastKnownFileType = sourcecode.swift; path = ApiRouterHelper.swift; sourceTree = "<group>"; };
		F24C1B312A85F8BA00EC512A /* APIRouter.swift */ = {isa = PBXFileReference; lastKnownFileType = sourcecode.swift; path = APIRouter.swift; sourceTree = "<group>"; };
		F24C1B332A85F8FC00EC512A /* ConnectionSettings.swift */ = {isa = PBXFileReference; lastKnownFileType = sourcecode.swift; path = ConnectionSettings.swift; sourceTree = "<group>"; };
		F27486C92A946D47001C2F2F /* HomeViewTest.swift */ = {isa = PBXFileReference; lastKnownFileType = sourcecode.swift; path = HomeViewTest.swift; sourceTree = "<group>"; };
		F27486CB2A94776B001C2F2F /* CoordinatorTest.swift */ = {isa = PBXFileReference; lastKnownFileType = sourcecode.swift; path = CoordinatorTest.swift; sourceTree = "<group>"; };
		F27486CD2A9483F4001C2F2F /* FruitDetailViewTest.swift */ = {isa = PBXFileReference; lastKnownFileType = sourcecode.swift; path = FruitDetailViewTest.swift; sourceTree = "<group>"; };
		F296CEE72A93ADC8003AD465 /* UITableViewCell+Extension.swift */ = {isa = PBXFileReference; lastKnownFileType = sourcecode.swift; path = "UITableViewCell+Extension.swift"; sourceTree = "<group>"; };
		F296CEE92A93AE53003AD465 /* AppCoordinator.swift */ = {isa = PBXFileReference; lastKnownFileType = sourcecode.swift; path = AppCoordinator.swift; sourceTree = "<group>"; };
		F296CEEB2A93AE98003AD465 /* NavigationController.swift */ = {isa = PBXFileReference; lastKnownFileType = sourcecode.swift; path = NavigationController.swift; sourceTree = "<group>"; };
		F296CEED2A93AF72003AD465 /* HomeViewCoordinator.swift */ = {isa = PBXFileReference; lastKnownFileType = sourcecode.swift; path = HomeViewCoordinator.swift; sourceTree = "<group>"; };
		F296CEEF2A93AFAF003AD465 /* DependencyContainer.swift */ = {isa = PBXFileReference; lastKnownFileType = sourcecode.swift; path = DependencyContainer.swift; sourceTree = "<group>"; };
		F296CEF12A93B231003AD465 /* ServerEndPoint.swift */ = {isa = PBXFileReference; lastKnownFileType = sourcecode.swift; path = ServerEndPoint.swift; sourceTree = "<group>"; };
		F296CEF32A93B2D2003AD465 /* APIManager.swift */ = {isa = PBXFileReference; lastKnownFileType = sourcecode.swift; path = APIManager.swift; sourceTree = "<group>"; };
		F296CEF52A93B30C003AD465 /* SessionManager.swift */ = {isa = PBXFileReference; lastKnownFileType = sourcecode.swift; path = SessionManager.swift; sourceTree = "<group>"; };
		F296CEF72A93B3A4003AD465 /* GenrateAPI.swift */ = {isa = PBXFileReference; lastKnownFileType = sourcecode.swift; path = GenrateAPI.swift; sourceTree = "<group>"; };
		F296CEF92A93B5F6003AD465 /* HomeViewBuilder.swift */ = {isa = PBXFileReference; lastKnownFileType = sourcecode.swift; path = HomeViewBuilder.swift; sourceTree = "<group>"; };
		F296CEFD2A93B734003AD465 /* HomeViewProtocol.swift */ = {isa = PBXFileReference; lastKnownFileType = sourcecode.swift; path = HomeViewProtocol.swift; sourceTree = "<group>"; };
		F296CEFF2A93B9B0003AD465 /* FruitDetailsCoordinator.swift */ = {isa = PBXFileReference; lastKnownFileType = sourcecode.swift; path = FruitDetailsCoordinator.swift; sourceTree = "<group>"; };
		F296CF012A93BA1D003AD465 /* FruitDetailsBuilder.swift */ = {isa = PBXFileReference; lastKnownFileType = sourcecode.swift; path = FruitDetailsBuilder.swift; sourceTree = "<group>"; };
		F296CF032A93BA4C003AD465 /* FruitDetailsProtocols.swift */ = {isa = PBXFileReference; lastKnownFileType = sourcecode.swift; path = FruitDetailsProtocols.swift; sourceTree = "<group>"; };
		F2FFF5852A89E4B500676DCB /* HomeViewModel.swift */ = {isa = PBXFileReference; lastKnownFileType = sourcecode.swift; path = HomeViewModel.swift; sourceTree = "<group>"; };
		F2FFF5882A89E53500676DCB /* Observable.swift */ = {isa = PBXFileReference; lastKnownFileType = sourcecode.swift; path = Observable.swift; sourceTree = "<group>"; };
		F2FFF58A2A89EC2100676DCB /* FruitDetailViewModel.swift */ = {isa = PBXFileReference; lastKnownFileType = sourcecode.swift; path = FruitDetailViewModel.swift; sourceTree = "<group>"; };
		F2FFF58C2A89F47B00676DCB /* Extensions.swift */ = {isa = PBXFileReference; lastKnownFileType = sourcecode.swift; path = Extensions.swift; sourceTree = "<group>"; };
/* End PBXFileReference section */

/* Begin PBXFrameworksBuildPhase section */
		F24C1AE82A85EBEA00EC512A /* Frameworks */ = {
			isa = PBXFrameworksBuildPhase;
			buildActionMask = 2147483647;
			files = (
			);
			runOnlyForDeploymentPostprocessing = 0;
		};
		F24C1AFE2A85EBEC00EC512A /* Frameworks */ = {
			isa = PBXFrameworksBuildPhase;
			buildActionMask = 2147483647;
			files = (
			);
			runOnlyForDeploymentPostprocessing = 0;
		};
		F24C1B082A85EBEC00EC512A /* Frameworks */ = {
			isa = PBXFrameworksBuildPhase;
			buildActionMask = 2147483647;
			files = (
			);
			runOnlyForDeploymentPostprocessing = 0;
		};
/* End PBXFrameworksBuildPhase section */

/* Begin PBXGroup section */
		100A8AD62A93A7D0008CAD78 /* Dependencies */ = {
			isa = PBXGroup;
			children = (
				100A8AD72A93A7F7008CAD78 /* Coordinator.swift */,
				F296CEE92A93AE53003AD465 /* AppCoordinator.swift */,
				F296CEEB2A93AE98003AD465 /* NavigationController.swift */,
				F296CEEF2A93AFAF003AD465 /* DependencyContainer.swift */,
				F296CEF32A93B2D2003AD465 /* APIManager.swift */,
				F296CEF52A93B30C003AD465 /* SessionManager.swift */,
			);
			path = Dependencies;
			sourceTree = "<group>";
		};
		F24C1AE22A85EBEA00EC512A = {
			isa = PBXGroup;
			children = (
				F24C1AED2A85EBEA00EC512A /* FruitApp */,
				F24C1B042A85EBEC00EC512A /* FruitAppTests */,
				F24C1B0E2A85EBEC00EC512A /* FruitAppUITests */,
				F24C1AEC2A85EBEA00EC512A /* Products */,
			);
			sourceTree = "<group>";
		};
		F24C1AEC2A85EBEA00EC512A /* Products */ = {
			isa = PBXGroup;
			children = (
				F24C1AEB2A85EBEA00EC512A /* FruitApp.app */,
				F24C1B012A85EBEC00EC512A /* FruitAppTests.xctest */,
				F24C1B0B2A85EBEC00EC512A /* FruitAppUITests.xctest */,
			);
			name = Products;
			sourceTree = "<group>";
		};
		F24C1AED2A85EBEA00EC512A /* FruitApp */ = {
			isa = PBXGroup;
			children = (
				F24C1AEE2A85EBEA00EC512A /* AppDelegate.swift */,
				100A8AD62A93A7D0008CAD78 /* Dependencies */,
				F2FFF5872A89E51F00676DCB /* Extensions */,
				F24C1B282A85ECCB00EC512A /* ApiManager */,
				F24C1B212A85EC2700EC512A /* CustomView */,
				F24C1B1E2A85EBF600EC512A /* Controllers */,
				F24C1AF42A85EBEA00EC512A /* Main.storyboard */,
				F24C1AF72A85EBEB00EC512A /* Assets.xcassets */,
				F24C1AF92A85EBEB00EC512A /* LaunchScreen.storyboard */,
				F24C1AFC2A85EBEB00EC512A /* Info.plist */,
			);
			path = FruitApp;
			sourceTree = "<group>";
		};
		F24C1B042A85EBEC00EC512A /* FruitAppTests */ = {
			isa = PBXGroup;
			children = (
				F24C1B052A85EBEC00EC512A /* FruitAppTests.swift */,
				F27486C92A946D47001C2F2F /* HomeViewTest.swift */,
				F27486CD2A9483F4001C2F2F /* FruitDetailViewTest.swift */,
				F27486CB2A94776B001C2F2F /* CoordinatorTest.swift */,
			);
			path = FruitAppTests;
			sourceTree = "<group>";
		};
		F24C1B0E2A85EBEC00EC512A /* FruitAppUITests */ = {
			isa = PBXGroup;
			children = (
				F24C1B0F2A85EBEC00EC512A /* FruitAppUITests.swift */,
				10D54D3D2A8E1BAC00E8B328 /* HomeViewUITest.swift */,
				F24C1B112A85EBEC00EC512A /* FruitAppUITestsLaunchTests.swift */,
			);
			path = FruitAppUITests;
			sourceTree = "<group>";
		};
		F24C1B1E2A85EBF600EC512A /* Controllers */ = {
			isa = PBXGroup;
			children = (
				F24C1B202A85EC1900EC512A /* Detail */,
				F24C1B1F2A85EC1100EC512A /* Home */,
			);
			path = Controllers;
			sourceTree = "<group>";
		};
		F24C1B1F2A85EC1100EC512A /* Home */ = {
			isa = PBXGroup;
			children = (
				F24C1B292A85ECFA00EC512A /* HomeViewController.swift */,
				F296CEED2A93AF72003AD465 /* HomeViewCoordinator.swift */,
				F296CEF92A93B5F6003AD465 /* HomeViewBuilder.swift */,
				F296CEFD2A93B734003AD465 /* HomeViewProtocol.swift */,
				F2FFF5852A89E4B500676DCB /* HomeViewModel.swift */,
				F24C1B2D2A85ED2300EC512A /* FruitsListModel.swift */,
			);
			path = Home;
			sourceTree = "<group>";
		};
		F24C1B202A85EC1900EC512A /* Detail */ = {
			isa = PBXGroup;
			children = (
				F24C1B2B2A85ED0900EC512A /* FruitDetailsViewController.swift */,
				F2FFF58A2A89EC2100676DCB /* FruitDetailViewModel.swift */,
				F296CEFF2A93B9B0003AD465 /* FruitDetailsCoordinator.swift */,
				F296CF012A93BA1D003AD465 /* FruitDetailsBuilder.swift */,
				F296CF032A93BA4C003AD465 /* FruitDetailsProtocols.swift */,
			);
			path = Detail;
			sourceTree = "<group>";
		};
		F24C1B212A85EC2700EC512A /* CustomView */ = {
			isa = PBXGroup;
			children = (
				F24C1B222A85ECA600EC512A /* FruitListTblCell.swift */,
				F24C1B232A85ECA600EC512A /* FruitListTblCell.xib */,
			);
			path = CustomView;
			sourceTree = "<group>";
		};
		F24C1B282A85ECCB00EC512A /* ApiManager */ = {
			isa = PBXGroup;
			children = (
				F24C1B2F2A85F88D00EC512A /* ApiRouterHelper.swift */,
				F24C1B312A85F8BA00EC512A /* APIRouter.swift */,
				F24C1B332A85F8FC00EC512A /* ConnectionSettings.swift */,
				F296CEF12A93B231003AD465 /* ServerEndPoint.swift */,
				F296CEF72A93B3A4003AD465 /* GenrateAPI.swift */,
			);
			path = ApiManager;
			sourceTree = "<group>";
		};
		F2FFF5872A89E51F00676DCB /* Extensions */ = {
			isa = PBXGroup;
			children = (
				F2FFF5882A89E53500676DCB /* Observable.swift */,
				F2FFF58C2A89F47B00676DCB /* Extensions.swift */,
				F296CEE72A93ADC8003AD465 /* UITableViewCell+Extension.swift */,
			);
			path = Extensions;
			sourceTree = "<group>";
		};
/* End PBXGroup section */

/* Begin PBXNativeTarget section */
		F24C1AEA2A85EBEA00EC512A /* FruitApp */ = {
			isa = PBXNativeTarget;
			buildConfigurationList = F24C1B152A85EBEC00EC512A /* Build configuration list for PBXNativeTarget "FruitApp" */;
			buildPhases = (
				F24C1AE72A85EBEA00EC512A /* Sources */,
				F24C1AE82A85EBEA00EC512A /* Frameworks */,
				F24C1AE92A85EBEA00EC512A /* Resources */,
			);
			buildRules = (
			);
			dependencies = (
			);
			name = FruitApp;
			productName = FruitApp;
			productReference = F24C1AEB2A85EBEA00EC512A /* FruitApp.app */;
			productType = "com.apple.product-type.application";
		};
		F24C1B002A85EBEC00EC512A /* FruitAppTests */ = {
			isa = PBXNativeTarget;
			buildConfigurationList = F24C1B182A85EBEC00EC512A /* Build configuration list for PBXNativeTarget "FruitAppTests" */;
			buildPhases = (
				F24C1AFD2A85EBEC00EC512A /* Sources */,
				F24C1AFE2A85EBEC00EC512A /* Frameworks */,
				F24C1AFF2A85EBEC00EC512A /* Resources */,
			);
			buildRules = (
			);
			dependencies = (
				F24C1B032A85EBEC00EC512A /* PBXTargetDependency */,
			);
			name = FruitAppTests;
			productName = FruitAppTests;
			productReference = F24C1B012A85EBEC00EC512A /* FruitAppTests.xctest */;
			productType = "com.apple.product-type.bundle.unit-test";
		};
		F24C1B0A2A85EBEC00EC512A /* FruitAppUITests */ = {
			isa = PBXNativeTarget;
			buildConfigurationList = F24C1B1B2A85EBEC00EC512A /* Build configuration list for PBXNativeTarget "FruitAppUITests" */;
			buildPhases = (
				F24C1B072A85EBEC00EC512A /* Sources */,
				F24C1B082A85EBEC00EC512A /* Frameworks */,
				F24C1B092A85EBEC00EC512A /* Resources */,
			);
			buildRules = (
			);
			dependencies = (
				F24C1B0D2A85EBEC00EC512A /* PBXTargetDependency */,
			);
			name = FruitAppUITests;
			productName = FruitAppUITests;
			productReference = F24C1B0B2A85EBEC00EC512A /* FruitAppUITests.xctest */;
			productType = "com.apple.product-type.bundle.ui-testing";
		};
/* End PBXNativeTarget section */

/* Begin PBXProject section */
		F24C1AE32A85EBEA00EC512A /* Project object */ = {
			isa = PBXProject;
			attributes = {
				BuildIndependentTargetsInParallel = 1;
				LastSwiftUpdateCheck = 1430;
				LastUpgradeCheck = 1430;
				TargetAttributes = {
					F24C1AEA2A85EBEA00EC512A = {
						CreatedOnToolsVersion = 14.3.1;
					};
					F24C1B002A85EBEC00EC512A = {
						CreatedOnToolsVersion = 14.3.1;
						TestTargetID = F24C1AEA2A85EBEA00EC512A;
					};
					F24C1B0A2A85EBEC00EC512A = {
						CreatedOnToolsVersion = 14.3.1;
						TestTargetID = F24C1AEA2A85EBEA00EC512A;
					};
				};
			};
			buildConfigurationList = F24C1AE62A85EBEA00EC512A /* Build configuration list for PBXProject "FruitApp" */;
			compatibilityVersion = "Xcode 14.0";
			developmentRegion = en;
			hasScannedForEncodings = 0;
			knownRegions = (
				en,
				Base,
			);
			mainGroup = F24C1AE22A85EBEA00EC512A;
			productRefGroup = F24C1AEC2A85EBEA00EC512A /* Products */;
			projectDirPath = "";
			projectRoot = "";
			targets = (
				F24C1AEA2A85EBEA00EC512A /* FruitApp */,
				F24C1B002A85EBEC00EC512A /* FruitAppTests */,
				F24C1B0A2A85EBEC00EC512A /* FruitAppUITests */,
			);
		};
/* End PBXProject section */

/* Begin PBXResourcesBuildPhase section */
		F24C1AE92A85EBEA00EC512A /* Resources */ = {
			isa = PBXResourcesBuildPhase;
			buildActionMask = 2147483647;
			files = (
				F24C1AFB2A85EBEB00EC512A /* LaunchScreen.storyboard in Resources */,
				F24C1B252A85ECA600EC512A /* FruitListTblCell.xib in Resources */,
				F24C1AF82A85EBEB00EC512A /* Assets.xcassets in Resources */,
				F24C1AF62A85EBEA00EC512A /* Main.storyboard in Resources */,
			);
			runOnlyForDeploymentPostprocessing = 0;
		};
		F24C1AFF2A85EBEC00EC512A /* Resources */ = {
			isa = PBXResourcesBuildPhase;
			buildActionMask = 2147483647;
			files = (
			);
			runOnlyForDeploymentPostprocessing = 0;
		};
		F24C1B092A85EBEC00EC512A /* Resources */ = {
			isa = PBXResourcesBuildPhase;
			buildActionMask = 2147483647;
			files = (
			);
			runOnlyForDeploymentPostprocessing = 0;
		};
/* End PBXResourcesBuildPhase section */

/* Begin PBXSourcesBuildPhase section */
		F24C1AE72A85EBEA00EC512A /* Sources */ = {
			isa = PBXSourcesBuildPhase;
			buildActionMask = 2147483647;
			files = (
				F24C1B2E2A85ED2300EC512A /* FruitsListModel.swift in Sources */,
				F2FFF5862A89E4B500676DCB /* HomeViewModel.swift in Sources */,
				F296CEEA2A93AE53003AD465 /* AppCoordinator.swift in Sources */,
				F296CF042A93BA4C003AD465 /* FruitDetailsProtocols.swift in Sources */,
				100A8AD82A93A7F7008CAD78 /* Coordinator.swift in Sources */,
				F296CF002A93B9B0003AD465 /* FruitDetailsCoordinator.swift in Sources */,
				F24C1B322A85F8BA00EC512A /* APIRouter.swift in Sources */,
				F24C1B242A85ECA600EC512A /* FruitListTblCell.swift in Sources */,
				F296CEF42A93B2D2003AD465 /* APIManager.swift in Sources */,
				F296CEF02A93AFAF003AD465 /* DependencyContainer.swift in Sources */,
				F296CEE82A93ADC8003AD465 /* UITableViewCell+Extension.swift in Sources */,
				F2FFF5892A89E53500676DCB /* Observable.swift in Sources */,
				F296CEF62A93B30C003AD465 /* SessionManager.swift in Sources */,
				F24C1AEF2A85EBEA00EC512A /* AppDelegate.swift in Sources */,
				F24C1B2C2A85ED0900EC512A /* FruitDetailsViewController.swift in Sources */,
				F296CEF82A93B3A4003AD465 /* GenrateAPI.swift in Sources */,
				F24C1B2A2A85ECFA00EC512A /* HomeViewController.swift in Sources */,
				F296CEEE2A93AF72003AD465 /* HomeViewCoordinator.swift in Sources */,
				F296CEEC2A93AE98003AD465 /* NavigationController.swift in Sources */,
				F296CEF22A93B231003AD465 /* ServerEndPoint.swift in Sources */,
				F296CEFA2A93B5F6003AD465 /* HomeViewBuilder.swift in Sources */,
				F24C1B302A85F88D00EC512A /* ApiRouterHelper.swift in Sources */,
				F2FFF58B2A89EC2100676DCB /* FruitDetailViewModel.swift in Sources */,
				F24C1B342A85F8FC00EC512A /* ConnectionSettings.swift in Sources */,
				F2FFF58D2A89F47B00676DCB /* Extensions.swift in Sources */,
				F296CEFE2A93B734003AD465 /* HomeViewProtocol.swift in Sources */,
				F296CF022A93BA1D003AD465 /* FruitDetailsBuilder.swift in Sources */,
			);
			runOnlyForDeploymentPostprocessing = 0;
		};
		F24C1AFD2A85EBEC00EC512A /* Sources */ = {
			isa = PBXSourcesBuildPhase;
			buildActionMask = 2147483647;
			files = (
				F27486CE2A9483F4001C2F2F /* FruitDetailViewTest.swift in Sources */,
				F24C1B062A85EBEC00EC512A /* FruitAppTests.swift in Sources */,
				F27486CC2A94776B001C2F2F /* CoordinatorTest.swift in Sources */,
				F27486CA2A946D47001C2F2F /* HomeViewTest.swift in Sources */,
			);
			runOnlyForDeploymentPostprocessing = 0;
		};
		F24C1B072A85EBEC00EC512A /* Sources */ = {
			isa = PBXSourcesBuildPhase;
			buildActionMask = 2147483647;
			files = (
				F24C1B122A85EBEC00EC512A /* FruitAppUITestsLaunchTests.swift in Sources */,
				F24C1B102A85EBEC00EC512A /* FruitAppUITests.swift in Sources */,
				10D54D3E2A8E1BAC00E8B328 /* HomeViewUITest.swift in Sources */,
			);
			runOnlyForDeploymentPostprocessing = 0;
		};
/* End PBXSourcesBuildPhase section */

/* Begin PBXTargetDependency section */
		F24C1B032A85EBEC00EC512A /* PBXTargetDependency */ = {
			isa = PBXTargetDependency;
			target = F24C1AEA2A85EBEA00EC512A /* FruitApp */;
			targetProxy = F24C1B022A85EBEC00EC512A /* PBXContainerItemProxy */;
		};
		F24C1B0D2A85EBEC00EC512A /* PBXTargetDependency */ = {
			isa = PBXTargetDependency;
			target = F24C1AEA2A85EBEA00EC512A /* FruitApp */;
			targetProxy = F24C1B0C2A85EBEC00EC512A /* PBXContainerItemProxy */;
		};
/* End PBXTargetDependency section */

/* Begin PBXVariantGroup section */
		F24C1AF42A85EBEA00EC512A /* Main.storyboard */ = {
			isa = PBXVariantGroup;
			children = (
				F24C1AF52A85EBEA00EC512A /* Base */,
			);
			name = Main.storyboard;
			sourceTree = "<group>";
		};
		F24C1AF92A85EBEB00EC512A /* LaunchScreen.storyboard */ = {
			isa = PBXVariantGroup;
			children = (
				F24C1AFA2A85EBEB00EC512A /* Base */,
			);
			name = LaunchScreen.storyboard;
			sourceTree = "<group>";
		};
/* End PBXVariantGroup section */

/* Begin XCBuildConfiguration section */
		F24C1B132A85EBEC00EC512A /* Debug */ = {
			isa = XCBuildConfiguration;
			buildSettings = {
				ALWAYS_SEARCH_USER_PATHS = NO;
				CLANG_ANALYZER_NONNULL = YES;
				CLANG_ANALYZER_NUMBER_OBJECT_CONVERSION = YES_AGGRESSIVE;
				CLANG_CXX_LANGUAGE_STANDARD = "gnu++20";
				CLANG_ENABLE_MODULES = YES;
				CLANG_ENABLE_OBJC_ARC = YES;
				CLANG_ENABLE_OBJC_WEAK = YES;
				CLANG_WARN_BLOCK_CAPTURE_AUTORELEASING = YES;
				CLANG_WARN_BOOL_CONVERSION = YES;
				CLANG_WARN_COMMA = YES;
				CLANG_WARN_CONSTANT_CONVERSION = YES;
				CLANG_WARN_DEPRECATED_OBJC_IMPLEMENTATIONS = YES;
				CLANG_WARN_DIRECT_OBJC_ISA_USAGE = YES_ERROR;
				CLANG_WARN_DOCUMENTATION_COMMENTS = YES;
				CLANG_WARN_EMPTY_BODY = YES;
				CLANG_WARN_ENUM_CONVERSION = YES;
				CLANG_WARN_INFINITE_RECURSION = YES;
				CLANG_WARN_INT_CONVERSION = YES;
				CLANG_WARN_NON_LITERAL_NULL_CONVERSION = YES;
				CLANG_WARN_OBJC_IMPLICIT_RETAIN_SELF = YES;
				CLANG_WARN_OBJC_LITERAL_CONVERSION = YES;
				CLANG_WARN_OBJC_ROOT_CLASS = YES_ERROR;
				CLANG_WARN_QUOTED_INCLUDE_IN_FRAMEWORK_HEADER = YES;
				CLANG_WARN_RANGE_LOOP_ANALYSIS = YES;
				CLANG_WARN_STRICT_PROTOTYPES = YES;
				CLANG_WARN_SUSPICIOUS_MOVE = YES;
				CLANG_WARN_UNGUARDED_AVAILABILITY = YES_AGGRESSIVE;
				CLANG_WARN_UNREACHABLE_CODE = YES;
				CLANG_WARN__DUPLICATE_METHOD_MATCH = YES;
				COPY_PHASE_STRIP = NO;
				DEBUG_INFORMATION_FORMAT = dwarf;
				ENABLE_STRICT_OBJC_MSGSEND = YES;
				ENABLE_TESTABILITY = YES;
				GCC_C_LANGUAGE_STANDARD = gnu11;
				GCC_DYNAMIC_NO_PIC = NO;
				GCC_NO_COMMON_BLOCKS = YES;
				GCC_OPTIMIZATION_LEVEL = 0;
				GCC_PREPROCESSOR_DEFINITIONS = (
					"DEBUG=1",
					"$(inherited)",
				);
				GCC_WARN_64_TO_32_BIT_CONVERSION = YES;
				GCC_WARN_ABOUT_RETURN_TYPE = YES_ERROR;
				GCC_WARN_UNDECLARED_SELECTOR = YES;
				GCC_WARN_UNINITIALIZED_AUTOS = YES_AGGRESSIVE;
				GCC_WARN_UNUSED_FUNCTION = YES;
				GCC_WARN_UNUSED_VARIABLE = YES;
				IPHONEOS_DEPLOYMENT_TARGET = 16.4;
				MTL_ENABLE_DEBUG_INFO = INCLUDE_SOURCE;
				MTL_FAST_MATH = YES;
				ONLY_ACTIVE_ARCH = YES;
				SDKROOT = iphoneos;
				SWIFT_ACTIVE_COMPILATION_CONDITIONS = DEBUG;
				SWIFT_OPTIMIZATION_LEVEL = "-Onone";
			};
			name = Debug;
		};
		F24C1B142A85EBEC00EC512A /* Release */ = {
			isa = XCBuildConfiguration;
			buildSettings = {
				ALWAYS_SEARCH_USER_PATHS = NO;
				CLANG_ANALYZER_NONNULL = YES;
				CLANG_ANALYZER_NUMBER_OBJECT_CONVERSION = YES_AGGRESSIVE;
				CLANG_CXX_LANGUAGE_STANDARD = "gnu++20";
				CLANG_ENABLE_MODULES = YES;
				CLANG_ENABLE_OBJC_ARC = YES;
				CLANG_ENABLE_OBJC_WEAK = YES;
				CLANG_WARN_BLOCK_CAPTURE_AUTORELEASING = YES;
				CLANG_WARN_BOOL_CONVERSION = YES;
				CLANG_WARN_COMMA = YES;
				CLANG_WARN_CONSTANT_CONVERSION = YES;
				CLANG_WARN_DEPRECATED_OBJC_IMPLEMENTATIONS = YES;
				CLANG_WARN_DIRECT_OBJC_ISA_USAGE = YES_ERROR;
				CLANG_WARN_DOCUMENTATION_COMMENTS = YES;
				CLANG_WARN_EMPTY_BODY = YES;
				CLANG_WARN_ENUM_CONVERSION = YES;
				CLANG_WARN_INFINITE_RECURSION = YES;
				CLANG_WARN_INT_CONVERSION = YES;
				CLANG_WARN_NON_LITERAL_NULL_CONVERSION = YES;
				CLANG_WARN_OBJC_IMPLICIT_RETAIN_SELF = YES;
				CLANG_WARN_OBJC_LITERAL_CONVERSION = YES;
				CLANG_WARN_OBJC_ROOT_CLASS = YES_ERROR;
				CLANG_WARN_QUOTED_INCLUDE_IN_FRAMEWORK_HEADER = YES;
				CLANG_WARN_RANGE_LOOP_ANALYSIS = YES;
				CLANG_WARN_STRICT_PROTOTYPES = YES;
				CLANG_WARN_SUSPICIOUS_MOVE = YES;
				CLANG_WARN_UNGUARDED_AVAILABILITY = YES_AGGRESSIVE;
				CLANG_WARN_UNREACHABLE_CODE = YES;
				CLANG_WARN__DUPLICATE_METHOD_MATCH = YES;
				COPY_PHASE_STRIP = NO;
				DEBUG_INFORMATION_FORMAT = "dwarf-with-dsym";
				ENABLE_NS_ASSERTIONS = NO;
				ENABLE_STRICT_OBJC_MSGSEND = YES;
				GCC_C_LANGUAGE_STANDARD = gnu11;
				GCC_NO_COMMON_BLOCKS = YES;
				GCC_WARN_64_TO_32_BIT_CONVERSION = YES;
				GCC_WARN_ABOUT_RETURN_TYPE = YES_ERROR;
				GCC_WARN_UNDECLARED_SELECTOR = YES;
				GCC_WARN_UNINITIALIZED_AUTOS = YES_AGGRESSIVE;
				GCC_WARN_UNUSED_FUNCTION = YES;
				GCC_WARN_UNUSED_VARIABLE = YES;
				IPHONEOS_DEPLOYMENT_TARGET = 16.4;
				MTL_ENABLE_DEBUG_INFO = NO;
				MTL_FAST_MATH = YES;
				SDKROOT = iphoneos;
				SWIFT_COMPILATION_MODE = wholemodule;
				SWIFT_OPTIMIZATION_LEVEL = "-O";
				VALIDATE_PRODUCT = YES;
			};
			name = Release;
		};
		F24C1B162A85EBEC00EC512A /* Debug */ = {
			isa = XCBuildConfiguration;
			buildSettings = {
				ASSETCATALOG_COMPILER_APPICON_NAME = AppIcon;
				ASSETCATALOG_COMPILER_GLOBAL_ACCENT_COLOR_NAME = AccentColor;
				CODE_SIGN_STYLE = Automatic;
				CURRENT_PROJECT_VERSION = 1;
				GENERATE_INFOPLIST_FILE = YES;
				INFOPLIST_FILE = FruitApp/Info.plist;
				INFOPLIST_KEY_UIApplicationSupportsIndirectInputEvents = YES;
				INFOPLIST_KEY_UILaunchStoryboardName = LaunchScreen;
				INFOPLIST_KEY_UIMainStoryboardFile = Main;
				INFOPLIST_KEY_UISupportedInterfaceOrientations = UIInterfaceOrientationPortrait;
				IPHONEOS_DEPLOYMENT_TARGET = 13.0;
				LD_RUNPATH_SEARCH_PATHS = (
					"$(inherited)",
					"@executable_path/Frameworks",
				);
				MARKETING_VERSION = 1.0;
				OTHER_LDFLAGS = (
					"$(inherited)",
					"-framework",
					"\"CFNetwork\"",
					"-framework",
					"\"Foundation\"",
					"-framework",
					"\"UIKit\"",
					"$(inherited)",
				);
				PRODUCT_BUNDLE_IDENTIFIER = com.Fruit.FruitApp;
				PRODUCT_NAME = "$(TARGET_NAME)";
				SUPPORTED_PLATFORMS = "iphoneos iphonesimulator";
				SUPPORTS_MACCATALYST = NO;
				SUPPORTS_MAC_DESIGNED_FOR_IPHONE_IPAD = NO;
				SWIFT_EMIT_LOC_STRINGS = YES;
				SWIFT_VERSION = 5.0;
				TARGETED_DEVICE_FAMILY = 1;
			};
			name = Debug;
		};
		F24C1B172A85EBEC00EC512A /* Release */ = {
			isa = XCBuildConfiguration;
			buildSettings = {
				ASSETCATALOG_COMPILER_APPICON_NAME = AppIcon;
				ASSETCATALOG_COMPILER_GLOBAL_ACCENT_COLOR_NAME = AccentColor;
				CODE_SIGN_STYLE = Automatic;
				CURRENT_PROJECT_VERSION = 1;
				GENERATE_INFOPLIST_FILE = YES;
				INFOPLIST_FILE = FruitApp/Info.plist;
				INFOPLIST_KEY_UIApplicationSupportsIndirectInputEvents = YES;
				INFOPLIST_KEY_UILaunchStoryboardName = LaunchScreen;
				INFOPLIST_KEY_UIMainStoryboardFile = Main;
				INFOPLIST_KEY_UISupportedInterfaceOrientations = UIInterfaceOrientationPortrait;
				IPHONEOS_DEPLOYMENT_TARGET = 13.0;
				LD_RUNPATH_SEARCH_PATHS = (
					"$(inherited)",
					"@executable_path/Frameworks",
				);
				MARKETING_VERSION = 1.0;
				PRODUCT_BUNDLE_IDENTIFIER = com.Fruit.FruitApp;
				PRODUCT_NAME = "$(TARGET_NAME)";
				SUPPORTED_PLATFORMS = "iphoneos iphonesimulator";
				SUPPORTS_MACCATALYST = NO;
				SUPPORTS_MAC_DESIGNED_FOR_IPHONE_IPAD = NO;
				SWIFT_EMIT_LOC_STRINGS = YES;
				SWIFT_VERSION = 5.0;
				TARGETED_DEVICE_FAMILY = 1;
			};
			name = Release;
		};
		F24C1B192A85EBEC00EC512A /* Debug */ = {
			isa = XCBuildConfiguration;
			buildSettings = {
				ALWAYS_EMBED_SWIFT_STANDARD_LIBRARIES = YES;
				BUNDLE_LOADER = "$(TEST_HOST)";
				CODE_SIGN_STYLE = Automatic;
				CURRENT_PROJECT_VERSION = 1;
				GENERATE_INFOPLIST_FILE = YES;
				IPHONEOS_DEPLOYMENT_TARGET = 16.4;
				MARKETING_VERSION = 1.0;
				PRODUCT_BUNDLE_IDENTIFIER = com.Fruit.FruitAppTests;
				PRODUCT_NAME = "$(TARGET_NAME)";
				SWIFT_EMIT_LOC_STRINGS = NO;
				SWIFT_VERSION = 5.0;
				TARGETED_DEVICE_FAMILY = "1,2";
				TEST_HOST = "$(BUILT_PRODUCTS_DIR)/FruitApp.app/$(BUNDLE_EXECUTABLE_FOLDER_PATH)/FruitApp";
			};
			name = Debug;
		};
		F24C1B1A2A85EBEC00EC512A /* Release */ = {
			isa = XCBuildConfiguration;
			buildSettings = {
				ALWAYS_EMBED_SWIFT_STANDARD_LIBRARIES = YES;
				BUNDLE_LOADER = "$(TEST_HOST)";
				CODE_SIGN_STYLE = Automatic;
				CURRENT_PROJECT_VERSION = 1;
				GENERATE_INFOPLIST_FILE = YES;
				IPHONEOS_DEPLOYMENT_TARGET = 16.4;
				MARKETING_VERSION = 1.0;
				PRODUCT_BUNDLE_IDENTIFIER = com.Fruit.FruitAppTests;
				PRODUCT_NAME = "$(TARGET_NAME)";
				SWIFT_EMIT_LOC_STRINGS = NO;
				SWIFT_VERSION = 5.0;
				TARGETED_DEVICE_FAMILY = "1,2";
				TEST_HOST = "$(BUILT_PRODUCTS_DIR)/FruitApp.app/$(BUNDLE_EXECUTABLE_FOLDER_PATH)/FruitApp";
			};
			name = Release;
		};
		F24C1B1C2A85EBEC00EC512A /* Debug */ = {
			isa = XCBuildConfiguration;
			buildSettings = {
				ALWAYS_EMBED_SWIFT_STANDARD_LIBRARIES = YES;
				CODE_SIGN_STYLE = Automatic;
				CURRENT_PROJECT_VERSION = 1;
				GENERATE_INFOPLIST_FILE = YES;
				MARKETING_VERSION = 1.0;
				PRODUCT_BUNDLE_IDENTIFIER = com.Fruit.FruitAppUITests;
				PRODUCT_NAME = "$(TARGET_NAME)";
				SWIFT_EMIT_LOC_STRINGS = NO;
				SWIFT_VERSION = 5.0;
				TARGETED_DEVICE_FAMILY = "1,2";
				TEST_TARGET_NAME = FruitApp;
			};
			name = Debug;
		};
		F24C1B1D2A85EBEC00EC512A /* Release */ = {
			isa = XCBuildConfiguration;
			buildSettings = {
				ALWAYS_EMBED_SWIFT_STANDARD_LIBRARIES = YES;
				CODE_SIGN_STYLE = Automatic;
				CURRENT_PROJECT_VERSION = 1;
				GENERATE_INFOPLIST_FILE = YES;
				MARKETING_VERSION = 1.0;
				PRODUCT_BUNDLE_IDENTIFIER = com.Fruit.FruitAppUITests;
				PRODUCT_NAME = "$(TARGET_NAME)";
				SWIFT_EMIT_LOC_STRINGS = NO;
				SWIFT_VERSION = 5.0;
				TARGETED_DEVICE_FAMILY = "1,2";
				TEST_TARGET_NAME = FruitApp;
			};
			name = Release;
		};
/* End XCBuildConfiguration section */

/* Begin XCConfigurationList section */
		F24C1AE62A85EBEA00EC512A /* Build configuration list for PBXProject "FruitApp" */ = {
			isa = XCConfigurationList;
			buildConfigurations = (
				F24C1B132A85EBEC00EC512A /* Debug */,
				F24C1B142A85EBEC00EC512A /* Release */,
			);
			defaultConfigurationIsVisible = 0;
			defaultConfigurationName = Release;
		};
		F24C1B152A85EBEC00EC512A /* Build configuration list for PBXNativeTarget "FruitApp" */ = {
			isa = XCConfigurationList;
			buildConfigurations = (
				F24C1B162A85EBEC00EC512A /* Debug */,
				F24C1B172A85EBEC00EC512A /* Release */,
			);
			defaultConfigurationIsVisible = 0;
			defaultConfigurationName = Release;
		};
		F24C1B182A85EBEC00EC512A /* Build configuration list for PBXNativeTarget "FruitAppTests" */ = {
			isa = XCConfigurationList;
			buildConfigurations = (
				F24C1B192A85EBEC00EC512A /* Debug */,
				F24C1B1A2A85EBEC00EC512A /* Release */,
			);
			defaultConfigurationIsVisible = 0;
			defaultConfigurationName = Release;
		};
		F24C1B1B2A85EBEC00EC512A /* Build configuration list for PBXNativeTarget "FruitAppUITests" */ = {
			isa = XCConfigurationList;
			buildConfigurations = (
				F24C1B1C2A85EBEC00EC512A /* Debug */,
				F24C1B1D2A85EBEC00EC512A /* Release */,
			);
			defaultConfigurationIsVisible = 0;
			defaultConfigurationName = Release;
		};
/* End XCConfigurationList section */
	};
	rootObject = F24C1AE32A85EBEA00EC512A /* Project object */;
}
